
Microsoft Visual Studio Solution File, Format Version 12.00
# Visual Studio Version 16
VisualStudioVersion = 16.0.30804.86
MinimumVisualStudioVersion = 10.0.40219.1
Project("{9A19103F-16F7-4668-BE54-9A1E7A4F7556}") = "BaistClub", "BaistClub.csproj", "{A5A4FF19-95ED-436C-9905-2C7BD0C2A2DC}"
EndProject
Global
	GlobalSection(SolutionConfigurationPlatforms) = preSolution
		Debug|Any CPU = Debug|Any CPU
		Release|Any CPU = Release|Any CPU
	EndGlobalSection
	GlobalSection(ProjectConfigurationPlatforms) = postSolution
		{A5A4FF19-95ED-436C-9905-2C7BD0C2A2DC}.Debug|Any CPU.ActiveCfg = Debug|Any CPU
		{A5A4FF19-95ED-436C-9905-2C7BD0C2A2DC}.Debug|Any CPU.Build.0 = Debug|Any CPU
		{A5A4FF19-95ED-436C-9905-2C7BD0C2A2DC}.Release|Any CPU.ActiveCfg = Release|Any CPU
		{A5A4FF19-95ED-436C-9905-2C7BD0C2A2DC}.Release|Any CPU.Build.0 = Release|Any CPU
	EndGlobalSection
	GlobalSection(SolutionProperties) = preSolution
		HideSolutionNode = FALSE
	EndGlobalSection
	GlobalSection(ExtensibilityGlobals) = postSolution
		SolutionGuid = {0CB23BC2-CF5D-47D1-B81C-3FC173569813}
	EndGlobalSection
EndGlobal
